
Microsoft Visual Studio Solution File, Format Version 12.00
# Visual Studio Version 16
VisualStudioVersion = 16.0.30517.126
MinimumVisualStudioVersion = 10.0.40219.1
Project("{FAE04EC0-301F-11D3-BF4B-00C04F79EFBC}") = "SueTheSecondGeneration", "SueTheSecondGeneration.csproj", "{7511119D-9501-4540-AA31-0F57D93817DB}"
EndProject
Global
	GlobalSection(SolutionConfigurationPlatforms) = preSolution
		Debug|Any CPU = Debug|Any CPU
		Release|Any CPU = Release|Any CPU
	EndGlobalSection
	GlobalSection(ProjectConfigurationPlatforms) = postSolution
		{7511119D-9501-4540-AA31-0F57D93817DB}.Debug|Any CPU.ActiveCfg = Debug|Any CPU
		{7511119D-9501-4540-AA31-0F57D93817DB}.Debug|Any CPU.Build.0 = Debug|Any CPU
		{7511119D-9501-4540-AA31-0F57D93817DB}.Release|Any CPU.ActiveCfg = Release|Any CPU
		{7511119D-9501-4540-AA31-0F57D93817DB}.Release|Any CPU.Build.0 = Release|Any CPU
	EndGlobalSection
	GlobalSection(SolutionProperties) = preSolution
		HideSolutionNode = FALSE
	EndGlobalSection
	GlobalSection(ExtensibilityGlobals) = postSolution
		SolutionGuid = {0C2E1CD5-E92B-461A-A340-2DA131524457}
	EndGlobalSection
EndGlobal
